
Microsoft Visual Studio Solution File, Format Version 12.00
# Visual Studio 15
VisualStudioVersion = 15.0.27004.2009
MinimumVisualStudioVersion = 10.0.40219.1
Project("{FAE04EC0-301F-11D3-BF4B-00C04F79EFBC}") = "Lying_NTP", "Lying_NTP\Lying_NTP.csproj", "{D515F9F1-7B00-4330-BCE9-B33DFD14C14B}"
EndProject
Global
	GlobalSection(SolutionConfigurationPlatforms) = preSolution
		Debug|Any CPU = Debug|Any CPU
		Release|Any CPU = Release|Any CPU
	EndGlobalSection
	GlobalSection(ProjectConfigurationPlatforms) = postSolution
		{D515F9F1-7B00-4330-BCE9-B33DFD14C14B}.Debug|Any CPU.ActiveCfg = Debug|Any CPU
		{D515F9F1-7B00-4330-BCE9-B33DFD14C14B}.Debug|Any CPU.Build.0 = Debug|Any CPU
		{D515F9F1-7B00-4330-BCE9-B33DFD14C14B}.Release|Any CPU.ActiveCfg = Release|Any CPU
		{D515F9F1-7B00-4330-BCE9-B33DFD14C14B}.Release|Any CPU.Build.0 = Release|Any CPU
	EndGlobalSection
	GlobalSection(SolutionProperties) = preSolution
		HideSolutionNode = FALSE
	EndGlobalSection
	GlobalSection(ExtensibilityGlobals) = postSolution
		SolutionGuid = {FA6B5205-BBA6-4F45-981F-972918BC6032}
	EndGlobalSection
EndGlobal
